
Microsoft Visual Studio Solution File, Format Version 12.00
# Visual Studio Version 17
VisualStudioVersion = 17.1.32407.343
MinimumVisualStudioVersion = 10.0.40219.1
Project("{FAE04EC0-301F-11D3-BF4B-00C04F79EFBC}") = "ExchangePrice", "ExchangePrice\ExchangePrice.csproj", "{3797860C-A306-40D2-9F2C-68AAB0944DDA}"
EndProject
Global
	GlobalSection(SolutionConfigurationPlatforms) = preSolution
		Debug|Any CPU = Debug|Any CPU
		Release|Any CPU = Release|Any CPU
	EndGlobalSection
	GlobalSection(ProjectConfigurationPlatforms) = postSolution
		{3797860C-A306-40D2-9F2C-68AAB0944DDA}.Debug|Any CPU.ActiveCfg = Debug|Any CPU
		{3797860C-A306-40D2-9F2C-68AAB0944DDA}.Debug|Any CPU.Build.0 = Debug|Any CPU
		{3797860C-A306-40D2-9F2C-68AAB0944DDA}.Release|Any CPU.ActiveCfg = Release|Any CPU
		{3797860C-A306-40D2-9F2C-68AAB0944DDA}.Release|Any CPU.Build.0 = Release|Any CPU
	EndGlobalSection
	GlobalSection(SolutionProperties) = preSolution
		HideSolutionNode = FALSE
	EndGlobalSection
	GlobalSection(ExtensibilityGlobals) = postSolution
		SolutionGuid = {7BEEB8D7-90DD-4019-B4BE-6CA466DFE5C8}
	EndGlobalSection
EndGlobal
